
Microsoft Visual Studio Solution File, Format Version 12.00
# Visual Studio 14
VisualStudioVersion = 14.0.25123.0
MinimumVisualStudioVersion = 10.0.40219.1
Project("{FAE04EC0-301F-11D3-BF4B-00C04F79EFBC}") = "CK.DB.Actor", "CK.DB.Actor\CK.DB.Actor.csproj", "{3902B885-AC29-4BE3-A83E-184316A09E91}"
EndProject
Project("{2150E333-8FDC-42A3-9474-1A3956D46DE8}") = "Tests", "Tests", "{736EF2A7-661B-4D52-AD22-8349C71ACB50}"
EndProject
Project("{FAE04EC0-301F-11D3-BF4B-00C04F79EFBC}") = "CK.DB.Actor.Tests", "Tests\CK.DB.Actor.Tests\CK.DB.Actor.Tests.csproj", "{93C9E608-A3CB-47C6-92E9-D41720E4BA0F}"
EndProject
Project("{FAE04EC0-301F-11D3-BF4B-00C04F79EFBC}") = "CK.DB.Zone", "CK.DB.Zone\CK.DB.Zone.csproj", "{F8F13B52-0C60-499C-BAAF-86C01C3F70D2}"
EndProject
Project("{FAE04EC0-301F-11D3-BF4B-00C04F79EFBC}") = "CK.DB.Zone.Tests", "Tests\CK.DB.Zone.Tests\CK.DB.Zone.Tests.csproj", "{D614B995-1233-44E2-8637-9E25F566A336}"
EndProject
Project("{FAE04EC0-301F-11D3-BF4B-00C04F79EFBC}") = "CK.DB.Acl", "CK.DB.Acl\CK.DB.Acl.csproj", "{FC9114B2-192D-4945-ADAB-917639CCD5FF}"
EndProject
Project("{FAE04EC0-301F-11D3-BF4B-00C04F79EFBC}") = "CK.DB.Acl.Tests", "Tests\CK.DB.Acl.Tests\CK.DB.Acl.Tests.csproj", "{E9F1270E-C629-4B4E-890E-64549624F004}"
EndProject
Project("{FAE04EC0-301F-11D3-BF4B-00C04F79EFBC}") = "CodeCakeBuilder", "CodeCakeBuilder\CodeCakeBuilder.csproj", "{FD4817B6-3CD7-4E74-AA10-7CA95FDFCF2D}"
EndProject
Project("{2150E333-8FDC-42A3-9474-1A3956D46DE8}") = "Solution Items", "Solution Items", "{036789EF-9DBD-47F3-821E-9478B504FA3C}"
	ProjectSection(SolutionItems) = preProject
		.gitignore = .gitignore
		appveyor.yml = appveyor.yml
		nuget.config = nuget.config
		RepositoryInfo.xml = RepositoryInfo.xml
		SharedKey.snk = SharedKey.snk
	EndProjectSection
EndProject
Project("{FAE04EC0-301F-11D3-BF4B-00C04F79EFBC}") = "CK.DB.Group.SimpleNaming", "CK.DB.Group.SimpleNaming\CK.DB.Group.SimpleNaming.csproj", "{90F8BC5E-C38A-4A9D-8A0A-FBC3D77F42A6}"
EndProject
Project("{FAE04EC0-301F-11D3-BF4B-00C04F79EFBC}") = "CK.DB.Group.SimpleNaming.Tests", "Tests\CK.DB.Group.SimpleNaming.Tests\CK.DB.Group.SimpleNaming.Tests.csproj", "{6D5188E5-AB92-44F4-8CBD-00A794AFF4E0}"
EndProject
Project("{FAE04EC0-301F-11D3-BF4B-00C04F79EFBC}") = "CK.DB.Acl.AclType", "CK.DB.Acl.AclType\CK.DB.Acl.AclType.csproj", "{18FCDA8C-1355-466C-9CA2-8BBC55383980}"
EndProject
Project("{FAE04EC0-301F-11D3-BF4B-00C04F79EFBC}") = "CK.DB.Acl.AclType.Tests", "Tests\CK.DB.Acl.AclType.Tests\CK.DB.Acl.AclType.Tests.csproj", "{EBB74416-3E11-40C1-BCC7-41F285DF00C5}"
EndProject
Project("{FAE04EC0-301F-11D3-BF4B-00C04F79EFBC}") = "CK.DB.Res", "CK.DB.Res\CK.DB.Res.csproj", "{0B78D5D9-8EF4-48C4-81D4-D85535EC385C}"
EndProject
Project("{FAE04EC0-301F-11D3-BF4B-00C04F79EFBC}") = "CK.DB.Res.Tests", "Tests\CK.DB.Res.Tests\CK.DB.Res.Tests.csproj", "{968AAF50-C65B-4787-A753-8581658B03EB}"
EndProject
Global
	GlobalSection(SolutionConfigurationPlatforms) = preSolution
		Debug|Any CPU = Debug|Any CPU
		Release|Any CPU = Release|Any CPU
		Test|Any CPU = Test|Any CPU
	EndGlobalSection
	GlobalSection(ProjectConfigurationPlatforms) = postSolution
		{3902B885-AC29-4BE3-A83E-184316A09E91}.Debug|Any CPU.ActiveCfg = Debug|Any CPU
		{3902B885-AC29-4BE3-A83E-184316A09E91}.Debug|Any CPU.Build.0 = Debug|Any CPU
		{3902B885-AC29-4BE3-A83E-184316A09E91}.Release|Any CPU.ActiveCfg = Release|Any CPU
		{3902B885-AC29-4BE3-A83E-184316A09E91}.Release|Any CPU.Build.0 = Release|Any CPU
		{3902B885-AC29-4BE3-A83E-184316A09E91}.Test|Any CPU.ActiveCfg = Test|Any CPU
		{3902B885-AC29-4BE3-A83E-184316A09E91}.Test|Any CPU.Build.0 = Test|Any CPU
		{93C9E608-A3CB-47C6-92E9-D41720E4BA0F}.Debug|Any CPU.ActiveCfg = Debug|Any CPU
		{93C9E608-A3CB-47C6-92E9-D41720E4BA0F}.Debug|Any CPU.Build.0 = Debug|Any CPU
		{93C9E608-A3CB-47C6-92E9-D41720E4BA0F}.Release|Any CPU.ActiveCfg = Release|Any CPU
		{93C9E608-A3CB-47C6-92E9-D41720E4BA0F}.Release|Any CPU.Build.0 = Release|Any CPU
		{93C9E608-A3CB-47C6-92E9-D41720E4BA0F}.Test|Any CPU.ActiveCfg = Test|Any CPU
		{93C9E608-A3CB-47C6-92E9-D41720E4BA0F}.Test|Any CPU.Build.0 = Test|Any CPU
		{F8F13B52-0C60-499C-BAAF-86C01C3F70D2}.Debug|Any CPU.ActiveCfg = Debug|Any CPU
		{F8F13B52-0C60-499C-BAAF-86C01C3F70D2}.Debug|Any CPU.Build.0 = Debug|Any CPU
		{F8F13B52-0C60-499C-BAAF-86C01C3F70D2}.Release|Any CPU.ActiveCfg = Release|Any CPU
		{F8F13B52-0C60-499C-BAAF-86C01C3F70D2}.Release|Any CPU.Build.0 = Release|Any CPU
		{F8F13B52-0C60-499C-BAAF-86C01C3F70D2}.Test|Any CPU.ActiveCfg = Release|Any CPU
		{F8F13B52-0C60-499C-BAAF-86C01C3F70D2}.Test|Any CPU.Build.0 = Release|Any CPU
		{D614B995-1233-44E2-8637-9E25F566A336}.Debug|Any CPU.ActiveCfg = Debug|Any CPU
		{D614B995-1233-44E2-8637-9E25F566A336}.Debug|Any CPU.Build.0 = Debug|Any CPU
		{D614B995-1233-44E2-8637-9E25F566A336}.Release|Any CPU.ActiveCfg = Release|Any CPU
		{D614B995-1233-44E2-8637-9E25F566A336}.Release|Any CPU.Build.0 = Release|Any CPU
		{D614B995-1233-44E2-8637-9E25F566A336}.Test|Any CPU.ActiveCfg = Test|Any CPU
		{D614B995-1233-44E2-8637-9E25F566A336}.Test|Any CPU.Build.0 = Test|Any CPU
		{FC9114B2-192D-4945-ADAB-917639CCD5FF}.Debug|Any CPU.ActiveCfg = Debug|Any CPU
		{FC9114B2-192D-4945-ADAB-917639CCD5FF}.Debug|Any CPU.Build.0 = Debug|Any CPU
		{FC9114B2-192D-4945-ADAB-917639CCD5FF}.Release|Any CPU.ActiveCfg = Release|Any CPU
		{FC9114B2-192D-4945-ADAB-917639CCD5FF}.Release|Any CPU.Build.0 = Release|Any CPU
		{FC9114B2-192D-4945-ADAB-917639CCD5FF}.Test|Any CPU.ActiveCfg = Release|Any CPU
		{FC9114B2-192D-4945-ADAB-917639CCD5FF}.Test|Any CPU.Build.0 = Release|Any CPU
		{E9F1270E-C629-4B4E-890E-64549624F004}.Debug|Any CPU.ActiveCfg = Debug|Any CPU
		{E9F1270E-C629-4B4E-890E-64549624F004}.Debug|Any CPU.Build.0 = Debug|Any CPU
		{E9F1270E-C629-4B4E-890E-64549624F004}.Release|Any CPU.ActiveCfg = Release|Any CPU
		{E9F1270E-C629-4B4E-890E-64549624F004}.Release|Any CPU.Build.0 = Release|Any CPU
		{E9F1270E-C629-4B4E-890E-64549624F004}.Test|Any CPU.ActiveCfg = Release|Any CPU
		{E9F1270E-C629-4B4E-890E-64549624F004}.Test|Any CPU.Build.0 = Release|Any CPU
		{FD4817B6-3CD7-4E74-AA10-7CA95FDFCF2D}.Debug|Any CPU.ActiveCfg = Debug|Any CPU
		{FD4817B6-3CD7-4E74-AA10-7CA95FDFCF2D}.Debug|Any CPU.Build.0 = Debug|Any CPU
		{FD4817B6-3CD7-4E74-AA10-7CA95FDFCF2D}.Release|Any CPU.ActiveCfg = Release|Any CPU
		{FD4817B6-3CD7-4E74-AA10-7CA95FDFCF2D}.Release|Any CPU.Build.0 = Release|Any CPU
		{FD4817B6-3CD7-4E74-AA10-7CA95FDFCF2D}.Test|Any CPU.ActiveCfg = Release|Any CPU
		{FD4817B6-3CD7-4E74-AA10-7CA95FDFCF2D}.Test|Any CPU.Build.0 = Release|Any CPU
		{90F8BC5E-C38A-4A9D-8A0A-FBC3D77F42A6}.Debug|Any CPU.ActiveCfg = Debug|Any CPU
		{90F8BC5E-C38A-4A9D-8A0A-FBC3D77F42A6}.Debug|Any CPU.Build.0 = Debug|Any CPU
		{90F8BC5E-C38A-4A9D-8A0A-FBC3D77F42A6}.Release|Any CPU.ActiveCfg = Release|Any CPU
		{90F8BC5E-C38A-4A9D-8A0A-FBC3D77F42A6}.Release|Any CPU.Build.0 = Release|Any CPU
		{90F8BC5E-C38A-4A9D-8A0A-FBC3D77F42A6}.Test|Any CPU.ActiveCfg = Release|Any CPU
		{90F8BC5E-C38A-4A9D-8A0A-FBC3D77F42A6}.Test|Any CPU.Build.0 = Release|Any CPU
		{6D5188E5-AB92-44F4-8CBD-00A794AFF4E0}.Debug|Any CPU.ActiveCfg = Debug|Any CPU
		{6D5188E5-AB92-44F4-8CBD-00A794AFF4E0}.Debug|Any CPU.Build.0 = Debug|Any CPU
		{6D5188E5-AB92-44F4-8CBD-00A794AFF4E0}.Release|Any CPU.ActiveCfg = Release|Any CPU
		{6D5188E5-AB92-44F4-8CBD-00A794AFF4E0}.Release|Any CPU.Build.0 = Release|Any CPU
		{6D5188E5-AB92-44F4-8CBD-00A794AFF4E0}.Test|Any CPU.ActiveCfg = Release|Any CPU
		{6D5188E5-AB92-44F4-8CBD-00A794AFF4E0}.Test|Any CPU.Build.0 = Release|Any CPU
		{18FCDA8C-1355-466C-9CA2-8BBC55383980}.Debug|Any CPU.ActiveCfg = Debug|Any CPU
		{18FCDA8C-1355-466C-9CA2-8BBC55383980}.Debug|Any CPU.Build.0 = Debug|Any CPU
		{18FCDA8C-1355-466C-9CA2-8BBC55383980}.Release|Any CPU.ActiveCfg = Release|Any CPU
		{18FCDA8C-1355-466C-9CA2-8BBC55383980}.Release|Any CPU.Build.0 = Release|Any CPU
		{18FCDA8C-1355-466C-9CA2-8BBC55383980}.Test|Any CPU.ActiveCfg = Release|Any CPU
		{18FCDA8C-1355-466C-9CA2-8BBC55383980}.Test|Any CPU.Build.0 = Release|Any CPU
		{EBB74416-3E11-40C1-BCC7-41F285DF00C5}.Debug|Any CPU.ActiveCfg = Debug|Any CPU
		{EBB74416-3E11-40C1-BCC7-41F285DF00C5}.Debug|Any CPU.Build.0 = Debug|Any CPU
		{EBB74416-3E11-40C1-BCC7-41F285DF00C5}.Release|Any CPU.ActiveCfg = Release|Any CPU
		{EBB74416-3E11-40C1-BCC7-41F285DF00C5}.Release|Any CPU.Build.0 = Release|Any CPU
		{EBB74416-3E11-40C1-BCC7-41F285DF00C5}.Test|Any CPU.ActiveCfg = Release|Any CPU
		{EBB74416-3E11-40C1-BCC7-41F285DF00C5}.Test|Any CPU.Build.0 = Release|Any CPU
		{0B78D5D9-8EF4-48C4-81D4-D85535EC385C}.Debug|Any CPU.ActiveCfg = Debug|Any CPU
		{0B78D5D9-8EF4-48C4-81D4-D85535EC385C}.Debug|Any CPU.Build.0 = Debug|Any CPU
		{0B78D5D9-8EF4-48C4-81D4-D85535EC385C}.Release|Any CPU.ActiveCfg = Release|Any CPU
		{0B78D5D9-8EF4-48C4-81D4-D85535EC385C}.Release|Any CPU.Build.0 = Release|Any CPU
		{0B78D5D9-8EF4-48C4-81D4-D85535EC385C}.Test|Any CPU.ActiveCfg = Release|Any CPU
		{0B78D5D9-8EF4-48C4-81D4-D85535EC385C}.Test|Any CPU.Build.0 = Release|Any CPU
		{968AAF50-C65B-4787-A753-8581658B03EB}.Debug|Any CPU.ActiveCfg = Debug|Any CPU
		{968AAF50-C65B-4787-A753-8581658B03EB}.Debug|Any CPU.Build.0 = Debug|Any CPU
		{968AAF50-C65B-4787-A753-8581658B03EB}.Release|Any CPU.ActiveCfg = Release|Any CPU
		{968AAF50-C65B-4787-A753-8581658B03EB}.Release|Any CPU.Build.0 = Release|Any CPU
		{968AAF50-C65B-4787-A753-8581658B03EB}.Test|Any CPU.ActiveCfg = Release|Any CPU
		{968AAF50-C65B-4787-A753-8581658B03EB}.Test|Any CPU.Build.0 = Release|Any CPU
	EndGlobalSection
	GlobalSection(SolutionProperties) = preSolution
		HideSolutionNode = FALSE
	EndGlobalSection
	GlobalSection(NestedProjects) = preSolution
		{93C9E608-A3CB-47C6-92E9-D41720E4BA0F} = {736EF2A7-661B-4D52-AD22-8349C71ACB50}
		{D614B995-1233-44E2-8637-9E25F566A336} = {736EF2A7-661B-4D52-AD22-8349C71ACB50}
		{E9F1270E-C629-4B4E-890E-64549624F004} = {736EF2A7-661B-4D52-AD22-8349C71ACB50}
		{6D5188E5-AB92-44F4-8CBD-00A794AFF4E0} = {736EF2A7-661B-4D52-AD22-8349C71ACB50}
		{EBB74416-3E11-40C1-BCC7-41F285DF00C5} = {736EF2A7-661B-4D52-AD22-8349C71ACB50}
		{968AAF50-C65B-4787-A753-8581658B03EB} = {736EF2A7-661B-4D52-AD22-8349C71ACB50}
	EndGlobalSection
EndGlobal
