
Microsoft Visual Studio Solution File, Format Version 12.00
# Visual Studio 15
VisualStudioVersion = 15.0.26228.9
MinimumVisualStudioVersion = 10.0.40219.1
Project("{9A19103F-16F7-4668-BE54-9A1E7A4F7556}") = "CK.DB.Actor", "CK.DB.Actor\CK.DB.Actor.csproj", "{E441748E-CF3F-4B9C-8DC0-627439A4DA2D}"
EndProject
Project("{2150E333-8FDC-42A3-9474-1A3956D46DE8}") = "Solution Items", "Solution Items", "{DD8E9B65-DF41-40CF-9995-5965585CF72E}"
	ProjectSection(SolutionItems) = preProject
		appveyor.yml = appveyor.yml
		nuget.config = nuget.config
		RepositoryInfo.xml = RepositoryInfo.xml
		Common\Shared.props = Common\Shared.props
		Common\SharedKey.snk = Common\SharedKey.snk
	EndProjectSection
EndProject
Project("{9A19103F-16F7-4668-BE54-9A1E7A4F7556}") = "CK.DB.Actor.Tests", "Tests\CK.DB.Actor.Tests\CK.DB.Actor.Tests.csproj", "{7F40FAD1-B010-4F6D-A484-7F978816F3CC}"
EndProject
Project("{2150E333-8FDC-42A3-9474-1A3956D46DE8}") = "Tests", "Tests", "{5E754B9E-84B8-426A-95B0-858D3EDCC19B}"
EndProject
Project("{FAE04EC0-301F-11D3-BF4B-00C04F79EFBC}") = "CodeCakeBuilder", "CodeCakeBuilder\CodeCakeBuilder.csproj", "{FD4817B6-3CD7-4E74-AA10-7CA95FDFCF2D}"
EndProject
Project("{9A19103F-16F7-4668-BE54-9A1E7A4F7556}") = "CK.DB.Acl", "CK.DB.Acl\CK.DB.Acl.csproj", "{2D655E51-C74C-495A-810E-1E24B00A8481}"
EndProject
Project("{9A19103F-16F7-4668-BE54-9A1E7A4F7556}") = "CK.DB.Acl.AclType", "CK.DB.Acl.AclType\CK.DB.Acl.AclType.csproj", "{B8F9BEA4-400B-4DA1-B04E-5B1CDC66EAFD}"
EndProject
Project("{9A19103F-16F7-4668-BE54-9A1E7A4F7556}") = "CK.DB.Actor.ActorEMail", "CK.DB.Actor.ActorEMail\CK.DB.Actor.ActorEMail.csproj", "{08239E66-CB9F-4791-9E43-FCE08DD9298A}"
EndProject
Project("{9A19103F-16F7-4668-BE54-9A1E7A4F7556}") = "CK.DB.Auth", "CK.DB.Auth\CK.DB.Auth.csproj", "{77C6AFD3-8263-4E82-959C-986F4F0B8CDF}"
EndProject
Project("{9A19103F-16F7-4668-BE54-9A1E7A4F7556}") = "CK.DB.Auth.AuthScope", "CK.DB.Auth.AuthScope\CK.DB.Auth.AuthScope.csproj", "{6E356032-FF26-479C-BEB4-1A754556E978}"
EndProject
Project("{9A19103F-16F7-4668-BE54-9A1E7A4F7556}") = "CK.DB.Culture", "CK.DB.Culture\CK.DB.Culture.csproj", "{1E958283-3B41-4573-BC44-9E85D189D7B3}"
EndProject
Project("{9A19103F-16F7-4668-BE54-9A1E7A4F7556}") = "CK.DB.Group.SimpleNaming", "CK.DB.Group.SimpleNaming\CK.DB.Group.SimpleNaming.csproj", "{5DDD5203-CBB2-4E9E-B57A-6B40FBB52A92}"
EndProject
Project("{9A19103F-16F7-4668-BE54-9A1E7A4F7556}") = "CK.DB.HZone", "CK.DB.HZone\CK.DB.HZone.csproj", "{9773381E-A502-4EA6-BC69-A1F888BBD51F}"
EndProject
Project("{9A19103F-16F7-4668-BE54-9A1E7A4F7556}") = "CK.DB.Res", "CK.DB.Res\CK.DB.Res.csproj", "{D7ED130F-BBBC-45CA-BE18-7889F32494D3}"
EndProject
Project("{9A19103F-16F7-4668-BE54-9A1E7A4F7556}") = "CK.DB.Res.MCResHtml", "CK.DB.Res.MCResHtml\CK.DB.Res.MCResHtml.csproj", "{D5684635-3112-452E-8DDC-933911627308}"
EndProject
Project("{9A19103F-16F7-4668-BE54-9A1E7A4F7556}") = "CK.DB.Res.MCResString", "CK.DB.Res.MCResString\CK.DB.Res.MCResString.csproj", "{D12C68A8-2349-45AC-A47F-EFCFF5218083}"
EndProject
Project("{9A19103F-16F7-4668-BE54-9A1E7A4F7556}") = "CK.DB.Res.MCResText", "CK.DB.Res.MCResText\CK.DB.Res.MCResText.csproj", "{43AD8A0A-49ED-4DA6-A3B5-48E0C973FF33}"
EndProject
Project("{9A19103F-16F7-4668-BE54-9A1E7A4F7556}") = "CK.DB.Zone", "CK.DB.Zone\CK.DB.Zone.csproj", "{25314F79-EBF6-41ED-8CEA-9F9620EB4F05}"
EndProject
Project("{9A19103F-16F7-4668-BE54-9A1E7A4F7556}") = "CK.DB.Zone.SimpleNaming", "CK.DB.Zone.SimpleNaming\CK.DB.Zone.SimpleNaming.csproj", "{62EE6E90-0E92-4CD9-BE6F-C802A1C2595C}"
EndProject
Project("{9A19103F-16F7-4668-BE54-9A1E7A4F7556}") = "CK.DB.Res.ResHtml", "CK.DB.Res.ResHtml\CK.DB.Res.ResHtml.csproj", "{E46836B6-CC4F-4D48-8B5B-5781753B4160}"
EndProject
Project("{9A19103F-16F7-4668-BE54-9A1E7A4F7556}") = "CK.DB.Res.ResString", "CK.DB.Res.ResString\CK.DB.Res.ResString.csproj", "{50D28556-1CE7-4CE2-879E-65F2F301D9CB}"
EndProject
Project("{9A19103F-16F7-4668-BE54-9A1E7A4F7556}") = "CK.DB.Res.ResName", "CK.DB.Res.ResName\CK.DB.Res.ResName.csproj", "{22C731D7-E37A-41E0-8B53-0BF08B809EF6}"
EndProject
Project("{9A19103F-16F7-4668-BE54-9A1E7A4F7556}") = "CK.DB.Res.ResText", "CK.DB.Res.ResText\CK.DB.Res.ResText.csproj", "{39FA338D-E440-4AB3-A6BD-EF27842EDDFA}"
EndProject
Project("{9A19103F-16F7-4668-BE54-9A1E7A4F7556}") = "CK.DB.User.UserGoogle", "CK.DB.User.UserGoogle\CK.DB.User.UserGoogle.csproj", "{4CF171CC-FC5E-4907-A3C3-54C56D14F8CC}"
EndProject
Project("{9A19103F-16F7-4668-BE54-9A1E7A4F7556}") = "CK.DB.User.UserGoogle.AuthScope", "CK.DB.User.UserGoogle.AuthScope\CK.DB.User.UserGoogle.AuthScope.csproj", "{CDCB96B4-649D-4325-ADE1-BD9233C98739}"
EndProject
Project("{9A19103F-16F7-4668-BE54-9A1E7A4F7556}") = "CK.DB.User.UserGoogle.EMailColumns", "CK.DB.User.UserGoogle.EMailColumns\CK.DB.User.UserGoogle.EMailColumns.csproj", "{CAA75675-0C33-413F-ADAB-3D3307DAD4C6}"
EndProject
Project("{9A19103F-16F7-4668-BE54-9A1E7A4F7556}") = "CK.DB.User.UserPassword", "CK.DB.User.UserPassword\CK.DB.User.UserPassword.csproj", "{902E0C38-6AE2-4F51-8BC5-B1B4B0822B53}"
EndProject
Project("{9A19103F-16F7-4668-BE54-9A1E7A4F7556}") = "CK.DB.Acl.Tests", "Tests\CK.DB.Acl.Tests\CK.DB.Acl.Tests.csproj", "{91081B1D-234E-4894-9437-4EBA771A8BA5}"
EndProject
Project("{9A19103F-16F7-4668-BE54-9A1E7A4F7556}") = "CK.DB.Acl.AclType.Tests", "Tests\CK.DB.Acl.AclType.Tests\CK.DB.Acl.AclType.Tests.csproj", "{938721B4-7480-48C3-9B06-7FBEB92B2C80}"
EndProject
Project("{9A19103F-16F7-4668-BE54-9A1E7A4F7556}") = "CK.DB.Actor.ActorEMail.Tests", "Tests\CK.DB.Actor.ActorEMail.Tests\CK.DB.Actor.ActorEMail.Tests.csproj", "{B3FA08F4-459E-48AB-B069-DD51A40600F2}"
EndProject
Project("{9A19103F-16F7-4668-BE54-9A1E7A4F7556}") = "CK.DB.Auth.AuthScope.Tests", "Tests\CK.DB.Auth.AuthScope.Tests\CK.DB.Auth.AuthScope.Tests.csproj", "{5E9A932C-4D4D-4359-AF73-8DBBE7B423CA}"
EndProject
Project("{9A19103F-16F7-4668-BE54-9A1E7A4F7556}") = "CK.DB.Auth.Tests", "Tests\CK.DB.Auth.Tests\CK.DB.Auth.Tests.csproj", "{DA487E36-F5BB-4ECC-8EF6-FDC3CBEF131D}"
EndProject
Project("{9A19103F-16F7-4668-BE54-9A1E7A4F7556}") = "CK.DB.Culture.Tests", "Tests\CK.DB.Culture.Tests\CK.DB.Culture.Tests.csproj", "{3B087FDB-3BD3-4AFB-8602-47FFEB507646}"
EndProject
Project("{9A19103F-16F7-4668-BE54-9A1E7A4F7556}") = "CK.DB.Group.SimpleNaming.Tests", "Tests\CK.DB.Group.SimpleNaming.Tests\CK.DB.Group.SimpleNaming.Tests.csproj", "{0C99BEAE-D193-4D3F-B1E4-23E9744375AA}"
EndProject
Project("{9A19103F-16F7-4668-BE54-9A1E7A4F7556}") = "CK.DB.HZone.Tests", "Tests\CK.DB.HZone.Tests\CK.DB.HZone.Tests.csproj", "{AC7C3114-212A-481C-9C9F-959D34004574}"
EndProject
Project("{9A19103F-16F7-4668-BE54-9A1E7A4F7556}") = "CK.DB.Res.MCResHtml.Tests", "Tests\CK.DB.Res.MCResHtml.Tests\CK.DB.Res.MCResHtml.Tests.csproj", "{E0896BCA-7809-4349-A8F7-FAAF4416D1D8}"
EndProject
Project("{9A19103F-16F7-4668-BE54-9A1E7A4F7556}") = "CK.DB.Res.MCResString.Tests", "Tests\CK.DB.Res.MCResString.Tests\CK.DB.Res.MCResString.Tests.csproj", "{1F38C93C-A635-4BF9-AEA8-610029227583}"
EndProject
Project("{9A19103F-16F7-4668-BE54-9A1E7A4F7556}") = "CK.DB.Res.MCResText.Tests", "Tests\CK.DB.Res.MCResText.Tests\CK.DB.Res.MCResText.Tests.csproj", "{8489A76F-5803-4014-959E-734ADF3A2BD5}"
EndProject
Project("{9A19103F-16F7-4668-BE54-9A1E7A4F7556}") = "CK.DB.Res.ResName.Tests", "Tests\CK.DB.Res.ResName.Tests\CK.DB.Res.ResName.Tests.csproj", "{981C1CE1-FBAC-4F75-B3F3-F649FD79C870}"
EndProject
Project("{9A19103F-16F7-4668-BE54-9A1E7A4F7556}") = "CK.DB.Res.ResString.Tests", "Tests\CK.DB.Res.ResString.Tests\CK.DB.Res.ResString.Tests.csproj", "{643BC12F-177B-41CE-9069-E136FEEA1F7B}"
EndProject
Project("{9A19103F-16F7-4668-BE54-9A1E7A4F7556}") = "CK.DB.Res.ResText.Tests", "Tests\CK.DB.Res.ResText.Tests\CK.DB.Res.ResText.Tests.csproj", "{AC7B5172-21B9-41D0-A56F-935B4F314313}"
EndProject
Project("{9A19103F-16F7-4668-BE54-9A1E7A4F7556}") = "CK.DB.Res.Tests", "Tests\CK.DB.Res.Tests\CK.DB.Res.Tests.csproj", "{89E0D615-04C5-4814-9AB3-87B1F2972B0B}"
EndProject
Project("{9A19103F-16F7-4668-BE54-9A1E7A4F7556}") = "CK.DB.User.UserGoogle.AuthScope.Tests", "Tests\CK.DB.User.UserGoogle.AuthScope.Tests\CK.DB.User.UserGoogle.AuthScope.Tests.csproj", "{8F768552-3D9A-4271-AFE4-11634BEA4419}"
EndProject
Project("{9A19103F-16F7-4668-BE54-9A1E7A4F7556}") = "CK.DB.User.UserGoogle.EMailColumns.Tests", "Tests\CK.DB.User.UserGoogle.EMailColumns.Tests\CK.DB.User.UserGoogle.EMailColumns.Tests.csproj", "{82A81B86-848D-40F9-B55C-2C3FD1488C4D}"
EndProject
Project("{9A19103F-16F7-4668-BE54-9A1E7A4F7556}") = "CK.DB.User.UserGoogle.Tests", "Tests\CK.DB.User.UserGoogle.Tests\CK.DB.User.UserGoogle.Tests.csproj", "{6E77551B-19F1-4E27-9587-79F45A125391}"
EndProject
Project("{9A19103F-16F7-4668-BE54-9A1E7A4F7556}") = "CK.DB.User.UserPassword.Tests", "Tests\CK.DB.User.UserPassword.Tests\CK.DB.User.UserPassword.Tests.csproj", "{F8C4AF2E-3AB2-449A-A0ED-003F3E5306DD}"
EndProject
Project("{9A19103F-16F7-4668-BE54-9A1E7A4F7556}") = "CK.DB.Zone.SimpleNaming.Tests", "Tests\CK.DB.Zone.SimpleNaming.Tests\CK.DB.Zone.SimpleNaming.Tests.csproj", "{BD4DBEEF-8F0B-48E7-AD97-E892C0D18048}"
EndProject
Project("{9A19103F-16F7-4668-BE54-9A1E7A4F7556}") = "CK.DB.Zone.Tests", "Tests\CK.DB.Zone.Tests\CK.DB.Zone.Tests.csproj", "{AA329FA8-C1C6-4340-B3A7-56BAB47690D7}"
EndProject
Project("{9A19103F-16F7-4668-BE54-9A1E7A4F7556}") = "CK.DB.User.UserGoogle.RefreshToken", "CK.DB.User.UserGoogle.RefreshToken\CK.DB.User.UserGoogle.RefreshToken.csproj", "{F6530492-FFA2-41BE-B7BD-0F8E79D2CE62}"
EndProject
Project("{9A19103F-16F7-4668-BE54-9A1E7A4F7556}") = "CK.DB.User.UserGoogle.RefreshToken.Tests", "Tests\CK.DB.User.UserGoogle.RefreshToken.Tests\CK.DB.User.UserGoogle.RefreshToken.Tests.csproj", "{19D4714F-5EEF-4455-A723-8FBE08BF80E1}"
EndProject
Project("{9A19103F-16F7-4668-BE54-9A1E7A4F7556}") = "CK.DB.Res.ResHtml.Tests", "Tests\CK.DB.Res.ResHtml.Tests\CK.DB.Res.ResHtml.Tests.csproj", "{FA94D98E-779B-4E67-8B44-AE9A82834CF0}"
EndProject
Global
	GlobalSection(SolutionConfigurationPlatforms) = preSolution
		Debug|Any CPU = Debug|Any CPU
		Release|Any CPU = Release|Any CPU
	EndGlobalSection
	GlobalSection(ProjectConfigurationPlatforms) = postSolution
		{E441748E-CF3F-4B9C-8DC0-627439A4DA2D}.Debug|Any CPU.ActiveCfg = Debug|Any CPU
		{E441748E-CF3F-4B9C-8DC0-627439A4DA2D}.Debug|Any CPU.Build.0 = Debug|Any CPU
		{E441748E-CF3F-4B9C-8DC0-627439A4DA2D}.Release|Any CPU.ActiveCfg = Release|Any CPU
		{E441748E-CF3F-4B9C-8DC0-627439A4DA2D}.Release|Any CPU.Build.0 = Release|Any CPU
		{7F40FAD1-B010-4F6D-A484-7F978816F3CC}.Debug|Any CPU.ActiveCfg = Debug|Any CPU
		{7F40FAD1-B010-4F6D-A484-7F978816F3CC}.Debug|Any CPU.Build.0 = Debug|Any CPU
		{7F40FAD1-B010-4F6D-A484-7F978816F3CC}.Release|Any CPU.ActiveCfg = Release|Any CPU
		{7F40FAD1-B010-4F6D-A484-7F978816F3CC}.Release|Any CPU.Build.0 = Release|Any CPU
		{FD4817B6-3CD7-4E74-AA10-7CA95FDFCF2D}.Debug|Any CPU.ActiveCfg = Debug|Any CPU
		{FD4817B6-3CD7-4E74-AA10-7CA95FDFCF2D}.Debug|Any CPU.Build.0 = Debug|Any CPU
		{FD4817B6-3CD7-4E74-AA10-7CA95FDFCF2D}.Release|Any CPU.ActiveCfg = Release|Any CPU
		{FD4817B6-3CD7-4E74-AA10-7CA95FDFCF2D}.Release|Any CPU.Build.0 = Release|Any CPU
		{2D655E51-C74C-495A-810E-1E24B00A8481}.Debug|Any CPU.ActiveCfg = Debug|Any CPU
		{2D655E51-C74C-495A-810E-1E24B00A8481}.Debug|Any CPU.Build.0 = Debug|Any CPU
		{2D655E51-C74C-495A-810E-1E24B00A8481}.Release|Any CPU.ActiveCfg = Release|Any CPU
		{2D655E51-C74C-495A-810E-1E24B00A8481}.Release|Any CPU.Build.0 = Release|Any CPU
		{B8F9BEA4-400B-4DA1-B04E-5B1CDC66EAFD}.Debug|Any CPU.ActiveCfg = Debug|Any CPU
		{B8F9BEA4-400B-4DA1-B04E-5B1CDC66EAFD}.Debug|Any CPU.Build.0 = Debug|Any CPU
		{B8F9BEA4-400B-4DA1-B04E-5B1CDC66EAFD}.Release|Any CPU.ActiveCfg = Release|Any CPU
		{B8F9BEA4-400B-4DA1-B04E-5B1CDC66EAFD}.Release|Any CPU.Build.0 = Release|Any CPU
		{08239E66-CB9F-4791-9E43-FCE08DD9298A}.Debug|Any CPU.ActiveCfg = Debug|Any CPU
		{08239E66-CB9F-4791-9E43-FCE08DD9298A}.Debug|Any CPU.Build.0 = Debug|Any CPU
		{08239E66-CB9F-4791-9E43-FCE08DD9298A}.Release|Any CPU.ActiveCfg = Release|Any CPU
		{08239E66-CB9F-4791-9E43-FCE08DD9298A}.Release|Any CPU.Build.0 = Release|Any CPU
		{77C6AFD3-8263-4E82-959C-986F4F0B8CDF}.Debug|Any CPU.ActiveCfg = Debug|Any CPU
		{77C6AFD3-8263-4E82-959C-986F4F0B8CDF}.Debug|Any CPU.Build.0 = Debug|Any CPU
		{77C6AFD3-8263-4E82-959C-986F4F0B8CDF}.Release|Any CPU.ActiveCfg = Release|Any CPU
		{77C6AFD3-8263-4E82-959C-986F4F0B8CDF}.Release|Any CPU.Build.0 = Release|Any CPU
		{6E356032-FF26-479C-BEB4-1A754556E978}.Debug|Any CPU.ActiveCfg = Debug|Any CPU
		{6E356032-FF26-479C-BEB4-1A754556E978}.Debug|Any CPU.Build.0 = Debug|Any CPU
		{6E356032-FF26-479C-BEB4-1A754556E978}.Release|Any CPU.ActiveCfg = Release|Any CPU
		{6E356032-FF26-479C-BEB4-1A754556E978}.Release|Any CPU.Build.0 = Release|Any CPU
		{1E958283-3B41-4573-BC44-9E85D189D7B3}.Debug|Any CPU.ActiveCfg = Debug|Any CPU
		{1E958283-3B41-4573-BC44-9E85D189D7B3}.Debug|Any CPU.Build.0 = Debug|Any CPU
		{1E958283-3B41-4573-BC44-9E85D189D7B3}.Release|Any CPU.ActiveCfg = Release|Any CPU
		{1E958283-3B41-4573-BC44-9E85D189D7B3}.Release|Any CPU.Build.0 = Release|Any CPU
		{5DDD5203-CBB2-4E9E-B57A-6B40FBB52A92}.Debug|Any CPU.ActiveCfg = Debug|Any CPU
		{5DDD5203-CBB2-4E9E-B57A-6B40FBB52A92}.Debug|Any CPU.Build.0 = Debug|Any CPU
		{5DDD5203-CBB2-4E9E-B57A-6B40FBB52A92}.Release|Any CPU.ActiveCfg = Release|Any CPU
		{5DDD5203-CBB2-4E9E-B57A-6B40FBB52A92}.Release|Any CPU.Build.0 = Release|Any CPU
		{9773381E-A502-4EA6-BC69-A1F888BBD51F}.Debug|Any CPU.ActiveCfg = Debug|Any CPU
		{9773381E-A502-4EA6-BC69-A1F888BBD51F}.Debug|Any CPU.Build.0 = Debug|Any CPU
		{9773381E-A502-4EA6-BC69-A1F888BBD51F}.Release|Any CPU.ActiveCfg = Release|Any CPU
		{9773381E-A502-4EA6-BC69-A1F888BBD51F}.Release|Any CPU.Build.0 = Release|Any CPU
		{D7ED130F-BBBC-45CA-BE18-7889F32494D3}.Debug|Any CPU.ActiveCfg = Debug|Any CPU
		{D7ED130F-BBBC-45CA-BE18-7889F32494D3}.Debug|Any CPU.Build.0 = Debug|Any CPU
		{D7ED130F-BBBC-45CA-BE18-7889F32494D3}.Release|Any CPU.ActiveCfg = Release|Any CPU
		{D7ED130F-BBBC-45CA-BE18-7889F32494D3}.Release|Any CPU.Build.0 = Release|Any CPU
		{D5684635-3112-452E-8DDC-933911627308}.Debug|Any CPU.ActiveCfg = Debug|Any CPU
		{D5684635-3112-452E-8DDC-933911627308}.Debug|Any CPU.Build.0 = Debug|Any CPU
		{D5684635-3112-452E-8DDC-933911627308}.Release|Any CPU.ActiveCfg = Release|Any CPU
		{D5684635-3112-452E-8DDC-933911627308}.Release|Any CPU.Build.0 = Release|Any CPU
		{D12C68A8-2349-45AC-A47F-EFCFF5218083}.Debug|Any CPU.ActiveCfg = Debug|Any CPU
		{D12C68A8-2349-45AC-A47F-EFCFF5218083}.Debug|Any CPU.Build.0 = Debug|Any CPU
		{D12C68A8-2349-45AC-A47F-EFCFF5218083}.Release|Any CPU.ActiveCfg = Release|Any CPU
		{D12C68A8-2349-45AC-A47F-EFCFF5218083}.Release|Any CPU.Build.0 = Release|Any CPU
		{43AD8A0A-49ED-4DA6-A3B5-48E0C973FF33}.Debug|Any CPU.ActiveCfg = Debug|Any CPU
		{43AD8A0A-49ED-4DA6-A3B5-48E0C973FF33}.Debug|Any CPU.Build.0 = Debug|Any CPU
		{43AD8A0A-49ED-4DA6-A3B5-48E0C973FF33}.Release|Any CPU.ActiveCfg = Release|Any CPU
		{43AD8A0A-49ED-4DA6-A3B5-48E0C973FF33}.Release|Any CPU.Build.0 = Release|Any CPU
		{25314F79-EBF6-41ED-8CEA-9F9620EB4F05}.Debug|Any CPU.ActiveCfg = Debug|Any CPU
		{25314F79-EBF6-41ED-8CEA-9F9620EB4F05}.Debug|Any CPU.Build.0 = Debug|Any CPU
		{25314F79-EBF6-41ED-8CEA-9F9620EB4F05}.Release|Any CPU.ActiveCfg = Release|Any CPU
		{25314F79-EBF6-41ED-8CEA-9F9620EB4F05}.Release|Any CPU.Build.0 = Release|Any CPU
		{62EE6E90-0E92-4CD9-BE6F-C802A1C2595C}.Debug|Any CPU.ActiveCfg = Debug|Any CPU
		{62EE6E90-0E92-4CD9-BE6F-C802A1C2595C}.Debug|Any CPU.Build.0 = Debug|Any CPU
		{62EE6E90-0E92-4CD9-BE6F-C802A1C2595C}.Release|Any CPU.ActiveCfg = Release|Any CPU
		{62EE6E90-0E92-4CD9-BE6F-C802A1C2595C}.Release|Any CPU.Build.0 = Release|Any CPU
		{E46836B6-CC4F-4D48-8B5B-5781753B4160}.Debug|Any CPU.ActiveCfg = Debug|Any CPU
		{E46836B6-CC4F-4D48-8B5B-5781753B4160}.Debug|Any CPU.Build.0 = Debug|Any CPU
		{E46836B6-CC4F-4D48-8B5B-5781753B4160}.Release|Any CPU.ActiveCfg = Release|Any CPU
		{E46836B6-CC4F-4D48-8B5B-5781753B4160}.Release|Any CPU.Build.0 = Release|Any CPU
		{50D28556-1CE7-4CE2-879E-65F2F301D9CB}.Debug|Any CPU.ActiveCfg = Debug|Any CPU
		{50D28556-1CE7-4CE2-879E-65F2F301D9CB}.Debug|Any CPU.Build.0 = Debug|Any CPU
		{50D28556-1CE7-4CE2-879E-65F2F301D9CB}.Release|Any CPU.ActiveCfg = Release|Any CPU
		{50D28556-1CE7-4CE2-879E-65F2F301D9CB}.Release|Any CPU.Build.0 = Release|Any CPU
		{22C731D7-E37A-41E0-8B53-0BF08B809EF6}.Debug|Any CPU.ActiveCfg = Debug|Any CPU
		{22C731D7-E37A-41E0-8B53-0BF08B809EF6}.Debug|Any CPU.Build.0 = Debug|Any CPU
		{22C731D7-E37A-41E0-8B53-0BF08B809EF6}.Release|Any CPU.ActiveCfg = Release|Any CPU
		{22C731D7-E37A-41E0-8B53-0BF08B809EF6}.Release|Any CPU.Build.0 = Release|Any CPU
		{39FA338D-E440-4AB3-A6BD-EF27842EDDFA}.Debug|Any CPU.ActiveCfg = Debug|Any CPU
		{39FA338D-E440-4AB3-A6BD-EF27842EDDFA}.Debug|Any CPU.Build.0 = Debug|Any CPU
		{39FA338D-E440-4AB3-A6BD-EF27842EDDFA}.Release|Any CPU.ActiveCfg = Release|Any CPU
		{39FA338D-E440-4AB3-A6BD-EF27842EDDFA}.Release|Any CPU.Build.0 = Release|Any CPU
		{4CF171CC-FC5E-4907-A3C3-54C56D14F8CC}.Debug|Any CPU.ActiveCfg = Debug|Any CPU
		{4CF171CC-FC5E-4907-A3C3-54C56D14F8CC}.Debug|Any CPU.Build.0 = Debug|Any CPU
		{4CF171CC-FC5E-4907-A3C3-54C56D14F8CC}.Release|Any CPU.ActiveCfg = Release|Any CPU
		{4CF171CC-FC5E-4907-A3C3-54C56D14F8CC}.Release|Any CPU.Build.0 = Release|Any CPU
		{CDCB96B4-649D-4325-ADE1-BD9233C98739}.Debug|Any CPU.ActiveCfg = Debug|Any CPU
		{CDCB96B4-649D-4325-ADE1-BD9233C98739}.Debug|Any CPU.Build.0 = Debug|Any CPU
		{CDCB96B4-649D-4325-ADE1-BD9233C98739}.Release|Any CPU.ActiveCfg = Release|Any CPU
		{CDCB96B4-649D-4325-ADE1-BD9233C98739}.Release|Any CPU.Build.0 = Release|Any CPU
		{CAA75675-0C33-413F-ADAB-3D3307DAD4C6}.Debug|Any CPU.ActiveCfg = Debug|Any CPU
		{CAA75675-0C33-413F-ADAB-3D3307DAD4C6}.Debug|Any CPU.Build.0 = Debug|Any CPU
		{CAA75675-0C33-413F-ADAB-3D3307DAD4C6}.Release|Any CPU.ActiveCfg = Release|Any CPU
		{CAA75675-0C33-413F-ADAB-3D3307DAD4C6}.Release|Any CPU.Build.0 = Release|Any CPU
		{902E0C38-6AE2-4F51-8BC5-B1B4B0822B53}.Debug|Any CPU.ActiveCfg = Debug|Any CPU
		{902E0C38-6AE2-4F51-8BC5-B1B4B0822B53}.Debug|Any CPU.Build.0 = Debug|Any CPU
		{902E0C38-6AE2-4F51-8BC5-B1B4B0822B53}.Release|Any CPU.ActiveCfg = Release|Any CPU
		{902E0C38-6AE2-4F51-8BC5-B1B4B0822B53}.Release|Any CPU.Build.0 = Release|Any CPU
		{91081B1D-234E-4894-9437-4EBA771A8BA5}.Debug|Any CPU.ActiveCfg = Debug|Any CPU
		{91081B1D-234E-4894-9437-4EBA771A8BA5}.Debug|Any CPU.Build.0 = Debug|Any CPU
		{91081B1D-234E-4894-9437-4EBA771A8BA5}.Release|Any CPU.ActiveCfg = Release|Any CPU
		{91081B1D-234E-4894-9437-4EBA771A8BA5}.Release|Any CPU.Build.0 = Release|Any CPU
		{938721B4-7480-48C3-9B06-7FBEB92B2C80}.Debug|Any CPU.ActiveCfg = Debug|Any CPU
		{938721B4-7480-48C3-9B06-7FBEB92B2C80}.Debug|Any CPU.Build.0 = Debug|Any CPU
		{938721B4-7480-48C3-9B06-7FBEB92B2C80}.Release|Any CPU.ActiveCfg = Release|Any CPU
		{938721B4-7480-48C3-9B06-7FBEB92B2C80}.Release|Any CPU.Build.0 = Release|Any CPU
		{B3FA08F4-459E-48AB-B069-DD51A40600F2}.Debug|Any CPU.ActiveCfg = Debug|Any CPU
		{B3FA08F4-459E-48AB-B069-DD51A40600F2}.Debug|Any CPU.Build.0 = Debug|Any CPU
		{B3FA08F4-459E-48AB-B069-DD51A40600F2}.Release|Any CPU.ActiveCfg = Release|Any CPU
		{B3FA08F4-459E-48AB-B069-DD51A40600F2}.Release|Any CPU.Build.0 = Release|Any CPU
		{5E9A932C-4D4D-4359-AF73-8DBBE7B423CA}.Debug|Any CPU.ActiveCfg = Debug|Any CPU
		{5E9A932C-4D4D-4359-AF73-8DBBE7B423CA}.Debug|Any CPU.Build.0 = Debug|Any CPU
		{5E9A932C-4D4D-4359-AF73-8DBBE7B423CA}.Release|Any CPU.ActiveCfg = Release|Any CPU
		{5E9A932C-4D4D-4359-AF73-8DBBE7B423CA}.Release|Any CPU.Build.0 = Release|Any CPU
		{DA487E36-F5BB-4ECC-8EF6-FDC3CBEF131D}.Debug|Any CPU.ActiveCfg = Debug|Any CPU
		{DA487E36-F5BB-4ECC-8EF6-FDC3CBEF131D}.Debug|Any CPU.Build.0 = Debug|Any CPU
		{DA487E36-F5BB-4ECC-8EF6-FDC3CBEF131D}.Release|Any CPU.ActiveCfg = Release|Any CPU
		{DA487E36-F5BB-4ECC-8EF6-FDC3CBEF131D}.Release|Any CPU.Build.0 = Release|Any CPU
		{3B087FDB-3BD3-4AFB-8602-47FFEB507646}.Debug|Any CPU.ActiveCfg = Debug|Any CPU
		{3B087FDB-3BD3-4AFB-8602-47FFEB507646}.Debug|Any CPU.Build.0 = Debug|Any CPU
		{3B087FDB-3BD3-4AFB-8602-47FFEB507646}.Release|Any CPU.ActiveCfg = Release|Any CPU
		{3B087FDB-3BD3-4AFB-8602-47FFEB507646}.Release|Any CPU.Build.0 = Release|Any CPU
		{0C99BEAE-D193-4D3F-B1E4-23E9744375AA}.Debug|Any CPU.ActiveCfg = Debug|Any CPU
		{0C99BEAE-D193-4D3F-B1E4-23E9744375AA}.Debug|Any CPU.Build.0 = Debug|Any CPU
		{0C99BEAE-D193-4D3F-B1E4-23E9744375AA}.Release|Any CPU.ActiveCfg = Release|Any CPU
		{0C99BEAE-D193-4D3F-B1E4-23E9744375AA}.Release|Any CPU.Build.0 = Release|Any CPU
		{AC7C3114-212A-481C-9C9F-959D34004574}.Debug|Any CPU.ActiveCfg = Debug|Any CPU
		{AC7C3114-212A-481C-9C9F-959D34004574}.Debug|Any CPU.Build.0 = Debug|Any CPU
		{AC7C3114-212A-481C-9C9F-959D34004574}.Release|Any CPU.ActiveCfg = Release|Any CPU
		{AC7C3114-212A-481C-9C9F-959D34004574}.Release|Any CPU.Build.0 = Release|Any CPU
		{E0896BCA-7809-4349-A8F7-FAAF4416D1D8}.Debug|Any CPU.ActiveCfg = Debug|Any CPU
		{E0896BCA-7809-4349-A8F7-FAAF4416D1D8}.Debug|Any CPU.Build.0 = Debug|Any CPU
		{E0896BCA-7809-4349-A8F7-FAAF4416D1D8}.Release|Any CPU.ActiveCfg = Release|Any CPU
		{E0896BCA-7809-4349-A8F7-FAAF4416D1D8}.Release|Any CPU.Build.0 = Release|Any CPU
		{1F38C93C-A635-4BF9-AEA8-610029227583}.Debug|Any CPU.ActiveCfg = Debug|Any CPU
		{1F38C93C-A635-4BF9-AEA8-610029227583}.Debug|Any CPU.Build.0 = Debug|Any CPU
		{1F38C93C-A635-4BF9-AEA8-610029227583}.Release|Any CPU.ActiveCfg = Release|Any CPU
		{1F38C93C-A635-4BF9-AEA8-610029227583}.Release|Any CPU.Build.0 = Release|Any CPU
		{8489A76F-5803-4014-959E-734ADF3A2BD5}.Debug|Any CPU.ActiveCfg = Debug|Any CPU
		{8489A76F-5803-4014-959E-734ADF3A2BD5}.Debug|Any CPU.Build.0 = Debug|Any CPU
		{8489A76F-5803-4014-959E-734ADF3A2BD5}.Release|Any CPU.ActiveCfg = Release|Any CPU
		{8489A76F-5803-4014-959E-734ADF3A2BD5}.Release|Any CPU.Build.0 = Release|Any CPU
		{981C1CE1-FBAC-4F75-B3F3-F649FD79C870}.Debug|Any CPU.ActiveCfg = Debug|Any CPU
		{981C1CE1-FBAC-4F75-B3F3-F649FD79C870}.Debug|Any CPU.Build.0 = Debug|Any CPU
		{981C1CE1-FBAC-4F75-B3F3-F649FD79C870}.Release|Any CPU.ActiveCfg = Release|Any CPU
		{981C1CE1-FBAC-4F75-B3F3-F649FD79C870}.Release|Any CPU.Build.0 = Release|Any CPU
		{643BC12F-177B-41CE-9069-E136FEEA1F7B}.Debug|Any CPU.ActiveCfg = Debug|Any CPU
		{643BC12F-177B-41CE-9069-E136FEEA1F7B}.Debug|Any CPU.Build.0 = Debug|Any CPU
		{643BC12F-177B-41CE-9069-E136FEEA1F7B}.Release|Any CPU.ActiveCfg = Release|Any CPU
		{643BC12F-177B-41CE-9069-E136FEEA1F7B}.Release|Any CPU.Build.0 = Release|Any CPU
		{AC7B5172-21B9-41D0-A56F-935B4F314313}.Debug|Any CPU.ActiveCfg = Debug|Any CPU
		{AC7B5172-21B9-41D0-A56F-935B4F314313}.Debug|Any CPU.Build.0 = Debug|Any CPU
		{AC7B5172-21B9-41D0-A56F-935B4F314313}.Release|Any CPU.ActiveCfg = Release|Any CPU
		{AC7B5172-21B9-41D0-A56F-935B4F314313}.Release|Any CPU.Build.0 = Release|Any CPU
		{89E0D615-04C5-4814-9AB3-87B1F2972B0B}.Debug|Any CPU.ActiveCfg = Debug|Any CPU
		{89E0D615-04C5-4814-9AB3-87B1F2972B0B}.Debug|Any CPU.Build.0 = Debug|Any CPU
		{89E0D615-04C5-4814-9AB3-87B1F2972B0B}.Release|Any CPU.ActiveCfg = Release|Any CPU
		{89E0D615-04C5-4814-9AB3-87B1F2972B0B}.Release|Any CPU.Build.0 = Release|Any CPU
		{8F768552-3D9A-4271-AFE4-11634BEA4419}.Debug|Any CPU.ActiveCfg = Debug|Any CPU
		{8F768552-3D9A-4271-AFE4-11634BEA4419}.Debug|Any CPU.Build.0 = Debug|Any CPU
		{8F768552-3D9A-4271-AFE4-11634BEA4419}.Release|Any CPU.ActiveCfg = Release|Any CPU
		{8F768552-3D9A-4271-AFE4-11634BEA4419}.Release|Any CPU.Build.0 = Release|Any CPU
		{82A81B86-848D-40F9-B55C-2C3FD1488C4D}.Debug|Any CPU.ActiveCfg = Debug|Any CPU
		{82A81B86-848D-40F9-B55C-2C3FD1488C4D}.Debug|Any CPU.Build.0 = Debug|Any CPU
		{82A81B86-848D-40F9-B55C-2C3FD1488C4D}.Release|Any CPU.ActiveCfg = Release|Any CPU
		{82A81B86-848D-40F9-B55C-2C3FD1488C4D}.Release|Any CPU.Build.0 = Release|Any CPU
		{6E77551B-19F1-4E27-9587-79F45A125391}.Debug|Any CPU.ActiveCfg = Debug|Any CPU
		{6E77551B-19F1-4E27-9587-79F45A125391}.Debug|Any CPU.Build.0 = Debug|Any CPU
		{6E77551B-19F1-4E27-9587-79F45A125391}.Release|Any CPU.ActiveCfg = Release|Any CPU
		{6E77551B-19F1-4E27-9587-79F45A125391}.Release|Any CPU.Build.0 = Release|Any CPU
		{F8C4AF2E-3AB2-449A-A0ED-003F3E5306DD}.Debug|Any CPU.ActiveCfg = Debug|Any CPU
		{F8C4AF2E-3AB2-449A-A0ED-003F3E5306DD}.Debug|Any CPU.Build.0 = Debug|Any CPU
		{F8C4AF2E-3AB2-449A-A0ED-003F3E5306DD}.Release|Any CPU.ActiveCfg = Release|Any CPU
		{F8C4AF2E-3AB2-449A-A0ED-003F3E5306DD}.Release|Any CPU.Build.0 = Release|Any CPU
		{BD4DBEEF-8F0B-48E7-AD97-E892C0D18048}.Debug|Any CPU.ActiveCfg = Debug|Any CPU
		{BD4DBEEF-8F0B-48E7-AD97-E892C0D18048}.Debug|Any CPU.Build.0 = Debug|Any CPU
		{BD4DBEEF-8F0B-48E7-AD97-E892C0D18048}.Release|Any CPU.ActiveCfg = Release|Any CPU
		{BD4DBEEF-8F0B-48E7-AD97-E892C0D18048}.Release|Any CPU.Build.0 = Release|Any CPU
		{AA329FA8-C1C6-4340-B3A7-56BAB47690D7}.Debug|Any CPU.ActiveCfg = Debug|Any CPU
		{AA329FA8-C1C6-4340-B3A7-56BAB47690D7}.Debug|Any CPU.Build.0 = Debug|Any CPU
		{AA329FA8-C1C6-4340-B3A7-56BAB47690D7}.Release|Any CPU.ActiveCfg = Release|Any CPU
		{AA329FA8-C1C6-4340-B3A7-56BAB47690D7}.Release|Any CPU.Build.0 = Release|Any CPU
		{F6530492-FFA2-41BE-B7BD-0F8E79D2CE62}.Debug|Any CPU.ActiveCfg = Debug|Any CPU
		{F6530492-FFA2-41BE-B7BD-0F8E79D2CE62}.Debug|Any CPU.Build.0 = Debug|Any CPU
		{F6530492-FFA2-41BE-B7BD-0F8E79D2CE62}.Release|Any CPU.ActiveCfg = Release|Any CPU
		{F6530492-FFA2-41BE-B7BD-0F8E79D2CE62}.Release|Any CPU.Build.0 = Release|Any CPU
		{19D4714F-5EEF-4455-A723-8FBE08BF80E1}.Debug|Any CPU.ActiveCfg = Debug|Any CPU
		{19D4714F-5EEF-4455-A723-8FBE08BF80E1}.Debug|Any CPU.Build.0 = Debug|Any CPU
		{19D4714F-5EEF-4455-A723-8FBE08BF80E1}.Release|Any CPU.ActiveCfg = Release|Any CPU
		{19D4714F-5EEF-4455-A723-8FBE08BF80E1}.Release|Any CPU.Build.0 = Release|Any CPU
		{FA94D98E-779B-4E67-8B44-AE9A82834CF0}.Debug|Any CPU.ActiveCfg = Debug|Any CPU
		{FA94D98E-779B-4E67-8B44-AE9A82834CF0}.Debug|Any CPU.Build.0 = Debug|Any CPU
		{FA94D98E-779B-4E67-8B44-AE9A82834CF0}.Release|Any CPU.ActiveCfg = Release|Any CPU
		{FA94D98E-779B-4E67-8B44-AE9A82834CF0}.Release|Any CPU.Build.0 = Release|Any CPU
	EndGlobalSection
	GlobalSection(SolutionProperties) = preSolution
		HideSolutionNode = FALSE
	EndGlobalSection
	GlobalSection(NestedProjects) = preSolution
		{7F40FAD1-B010-4F6D-A484-7F978816F3CC} = {5E754B9E-84B8-426A-95B0-858D3EDCC19B}
		{91081B1D-234E-4894-9437-4EBA771A8BA5} = {5E754B9E-84B8-426A-95B0-858D3EDCC19B}
		{938721B4-7480-48C3-9B06-7FBEB92B2C80} = {5E754B9E-84B8-426A-95B0-858D3EDCC19B}
		{B3FA08F4-459E-48AB-B069-DD51A40600F2} = {5E754B9E-84B8-426A-95B0-858D3EDCC19B}
		{5E9A932C-4D4D-4359-AF73-8DBBE7B423CA} = {5E754B9E-84B8-426A-95B0-858D3EDCC19B}
		{DA487E36-F5BB-4ECC-8EF6-FDC3CBEF131D} = {5E754B9E-84B8-426A-95B0-858D3EDCC19B}
		{3B087FDB-3BD3-4AFB-8602-47FFEB507646} = {5E754B9E-84B8-426A-95B0-858D3EDCC19B}
		{0C99BEAE-D193-4D3F-B1E4-23E9744375AA} = {5E754B9E-84B8-426A-95B0-858D3EDCC19B}
		{AC7C3114-212A-481C-9C9F-959D34004574} = {5E754B9E-84B8-426A-95B0-858D3EDCC19B}
		{E0896BCA-7809-4349-A8F7-FAAF4416D1D8} = {5E754B9E-84B8-426A-95B0-858D3EDCC19B}
		{1F38C93C-A635-4BF9-AEA8-610029227583} = {5E754B9E-84B8-426A-95B0-858D3EDCC19B}
		{8489A76F-5803-4014-959E-734ADF3A2BD5} = {5E754B9E-84B8-426A-95B0-858D3EDCC19B}
		{981C1CE1-FBAC-4F75-B3F3-F649FD79C870} = {5E754B9E-84B8-426A-95B0-858D3EDCC19B}
		{643BC12F-177B-41CE-9069-E136FEEA1F7B} = {5E754B9E-84B8-426A-95B0-858D3EDCC19B}
		{AC7B5172-21B9-41D0-A56F-935B4F314313} = {5E754B9E-84B8-426A-95B0-858D3EDCC19B}
		{89E0D615-04C5-4814-9AB3-87B1F2972B0B} = {5E754B9E-84B8-426A-95B0-858D3EDCC19B}
		{8F768552-3D9A-4271-AFE4-11634BEA4419} = {5E754B9E-84B8-426A-95B0-858D3EDCC19B}
		{82A81B86-848D-40F9-B55C-2C3FD1488C4D} = {5E754B9E-84B8-426A-95B0-858D3EDCC19B}
		{6E77551B-19F1-4E27-9587-79F45A125391} = {5E754B9E-84B8-426A-95B0-858D3EDCC19B}
		{F8C4AF2E-3AB2-449A-A0ED-003F3E5306DD} = {5E754B9E-84B8-426A-95B0-858D3EDCC19B}
		{BD4DBEEF-8F0B-48E7-AD97-E892C0D18048} = {5E754B9E-84B8-426A-95B0-858D3EDCC19B}
		{AA329FA8-C1C6-4340-B3A7-56BAB47690D7} = {5E754B9E-84B8-426A-95B0-858D3EDCC19B}
		{19D4714F-5EEF-4455-A723-8FBE08BF80E1} = {5E754B9E-84B8-426A-95B0-858D3EDCC19B}
		{FA94D98E-779B-4E67-8B44-AE9A82834CF0} = {5E754B9E-84B8-426A-95B0-858D3EDCC19B}
	EndGlobalSection
EndGlobal
