
Microsoft Visual Studio Solution File, Format Version 12.00
# Visual Studio 15
VisualStudioVersion = 15.0.26228.9
MinimumVisualStudioVersion = 10.0.40219.1
Project("{FAE04EC0-301F-11D3-BF4B-00C04F79EFBC}") = "CK.DB.Actor", "CK.DB.Actor\CK.DB.Actor.csproj", "{E441748E-CF3F-4B9C-8DC0-627439A4DA2D}"
EndProject
Project("{2150E333-8FDC-42A3-9474-1A3956D46DE8}") = "Solution Items", "Solution Items", "{DD8E9B65-DF41-40CF-9995-5965585CF72E}"
	ProjectSection(SolutionItems) = preProject
		appveyor.yml = appveyor.yml
		nuget.config = nuget.config
		RepositoryInfo.xml = RepositoryInfo.xml
		Common\Shared.props = Common\Shared.props
		Common\SharedKey.snk = Common\SharedKey.snk
	EndProjectSection
EndProject
Project("{FAE04EC0-301F-11D3-BF4B-00C04F79EFBC}") = "CK.DB.Actor.Tests", "Tests\CK.DB.Actor.Tests\CK.DB.Actor.Tests.csproj", "{7F40FAD1-B010-4F6D-A484-7F978816F3CC}"
EndProject
Project("{2150E333-8FDC-42A3-9474-1A3956D46DE8}") = "Tests", "Tests", "{5E754B9E-84B8-426A-95B0-858D3EDCC19B}"
EndProject
Project("{FAE04EC0-301F-11D3-BF4B-00C04F79EFBC}") = "CodeCakeBuilder", "CodeCakeBuilder\CodeCakeBuilder.csproj", "{FD4817B6-3CD7-4E74-AA10-7CA95FDFCF2D}"
EndProject
Global
	GlobalSection(SolutionConfigurationPlatforms) = preSolution
		Debug|Any CPU = Debug|Any CPU
		Release|Any CPU = Release|Any CPU
	EndGlobalSection
	GlobalSection(ProjectConfigurationPlatforms) = postSolution
		{E441748E-CF3F-4B9C-8DC0-627439A4DA2D}.Debug|Any CPU.ActiveCfg = Debug|Any CPU
		{E441748E-CF3F-4B9C-8DC0-627439A4DA2D}.Debug|Any CPU.Build.0 = Debug|Any CPU
		{E441748E-CF3F-4B9C-8DC0-627439A4DA2D}.Release|Any CPU.ActiveCfg = Release|Any CPU
		{E441748E-CF3F-4B9C-8DC0-627439A4DA2D}.Release|Any CPU.Build.0 = Release|Any CPU
		{7F40FAD1-B010-4F6D-A484-7F978816F3CC}.Debug|Any CPU.ActiveCfg = Debug|Any CPU
		{7F40FAD1-B010-4F6D-A484-7F978816F3CC}.Debug|Any CPU.Build.0 = Debug|Any CPU
		{7F40FAD1-B010-4F6D-A484-7F978816F3CC}.Release|Any CPU.ActiveCfg = Release|Any CPU
		{7F40FAD1-B010-4F6D-A484-7F978816F3CC}.Release|Any CPU.Build.0 = Release|Any CPU
		{FD4817B6-3CD7-4E74-AA10-7CA95FDFCF2D}.Debug|Any CPU.ActiveCfg = Debug|Any CPU
		{FD4817B6-3CD7-4E74-AA10-7CA95FDFCF2D}.Debug|Any CPU.Build.0 = Debug|Any CPU
		{FD4817B6-3CD7-4E74-AA10-7CA95FDFCF2D}.Release|Any CPU.ActiveCfg = Release|Any CPU
		{FD4817B6-3CD7-4E74-AA10-7CA95FDFCF2D}.Release|Any CPU.Build.0 = Release|Any CPU
	EndGlobalSection
	GlobalSection(SolutionProperties) = preSolution
		HideSolutionNode = FALSE
	EndGlobalSection
	GlobalSection(NestedProjects) = preSolution
		{7F40FAD1-B010-4F6D-A484-7F978816F3CC} = {5E754B9E-84B8-426A-95B0-858D3EDCC19B}
	EndGlobalSection
EndGlobal
